<?xml version="1.0" encoding="utf-8"?>
<Project ToolsVersion="4.0" xmlns="http://schemas.microsoft.com/developer/msbuild/2003">
  <ItemGroup>
    <Filter Include="Source Files">
      <UniqueIdentifier>{4FC737F1-C7A5-4376-A066-2A32D752A2FF}</UniqueIdentifier>
      <Extensions>cpp;c;cc;cxx;def;odl;idl;hpj;bat;asm;asmx</Extensions>
    </Filter>
    <Filter Include="Header Files">
      <UniqueIdentifier>{93995380-89BD-4b04-88EB-625FBE52EBFB}</UniqueIdentifier>
      <Extensions>h;hh;hpp;hxx;hm;inl;inc;xsd</Extensions>
    </Filter>
    <Filter Include="Resource Files">
      <UniqueIdentifier>{67DA6AB6-F800-4c08-8B7A-83BB121AAD01}</UniqueIdentifier>
      <Extensions>rc;ico;cur;bmp;dlg;rc2;rct;bin;rgs;gif;jpg;jpeg;jpe;resx;tiff;tif;png;wav</Extensions>
    </Filter>
  </ItemGroup>
  <ItemGroup>
    <ClCompile Include="bloch.cpp">
      <Filter>Source Files</Filter>
    </ClCompile>
    <ClCompile Include="camfr_wrap.cpp">
      <Filter>Source Files</Filter>
    </ClCompile>
    <ClCompile Include="camfr_wrap_2.cpp">
      <Filter>Source Files</Filter>
    </ClCompile>
    <ClCompile Include="cavity.cpp">
      <Filter>Source Files</Filter>
    </ClCompile>
    <ClCompile Include="chunk.cpp">
      <Filter>Source Files</Filter>
    </ClCompile>
    <ClCompile Include="coord.cpp">
      <Filter>Source Files</Filter>
    </ClCompile>
    <ClCompile Include="defs.cpp">
      <Filter>Source Files</Filter>
    </ClCompile>
    <ClCompile Include="expression.cpp">
      <Filter>Source Files</Filter>
    </ClCompile>
    <ClCompile Include="field.cpp">
      <Filter>Source Files</Filter>
    </ClCompile>
    <ClCompile Include="icache.cpp">
      <Filter>Source Files</Filter>
    </ClCompile>
    <ClCompile Include="infstack.cpp">
      <Filter>Source Files</Filter>
    </ClCompile>
    <ClCompile Include="interface.cpp">
      <Filter>Source Files</Filter>
    </ClCompile>
    <ClCompile Include="material.cpp">
      <Filter>Source Files</Filter>
    </ClCompile>
    <ClCompile Include="mode.cpp">
      <Filter>Source Files</Filter>
    </ClCompile>
    <ClCompile Include="scatterer.cpp">
      <Filter>Source Files</Filter>
    </ClCompile>
    <ClCompile Include="stack.cpp">
      <Filter>Source Files</Filter>
    </ClCompile>
    <ClCompile Include="S_scheme.cpp">
      <Filter>Source Files</Filter>
    </ClCompile>
    <ClCompile Include="S_scheme_fields.cpp">
      <Filter>Source Files</Filter>
    </ClCompile>
    <ClCompile Include="T_scheme.cpp">
      <Filter>Source Files</Filter>
    </ClCompile>
    <ClCompile Include="T_scheme_fields.cpp">
      <Filter>Source Files</Filter>
    </ClCompile>
    <ClCompile Include="waveguide.cpp">
      <Filter>Source Files</Filter>
    </ClCompile>
    <ClCompile Include="math\bessel\bessel.cpp">
      <Filter>Source Files</Filter>
    </ClCompile>
    <ClCompile Include="math\bessel\slatec\limits.c">
      <Filter>Source Files</Filter>
    </ClCompile>
    <ClCompile Include="math\bessel\slatec\machar.c">
      <Filter>Source Files</Filter>
    </ClCompile>
    <ClCompile Include="math\calculus\croot\allroots.cpp">
      <Filter>Source Files</Filter>
    </ClCompile>
    <ClCompile Include="math\calculus\croot\contour.cpp">
      <Filter>Source Files</Filter>
    </ClCompile>
    <ClCompile Include="math\calculus\croot\mueller.cpp">
      <Filter>Source Files</Filter>
    </ClCompile>
    <ClCompile Include="math\calculus\croot\patterson_coeff.cpp">
      <Filter>Source Files</Filter>
    </ClCompile>
    <ClCompile Include="math\calculus\croot\patterson_z_n.cpp">
      <Filter>Source Files</Filter>
    </ClCompile>
    <ClCompile Include="math\calculus\fourier\fourier.cpp">
      <Filter>Source Files</Filter>
    </ClCompile>
    <ClCompile Include="math\calculus\minimum\minimum.cpp">
      <Filter>Source Files</Filter>
    </ClCompile>
    <ClCompile Include="math\calculus\polyroot\polyroot.cpp">
      <Filter>Source Files</Filter>
    </ClCompile>
    <ClCompile Include="math\calculus\quadrature\patterson.cpp">
      <Filter>Source Files</Filter>
    </ClCompile>
    <ClCompile Include="math\calculus\quadrature\patterson_coeff.cpp">
      <Filter>Source Files</Filter>
    </ClCompile>
    <ClCompile Include="math\calculus\quadrature\patterson_quad.cpp">
      <Filter>Source Files</Filter>
    </ClCompile>
    <ClCompile Include="math\calculus\root\root.cpp">
      <Filter>Source Files</Filter>
    </ClCompile>
    <ClCompile Include="math\calculus\traceroot\traceroot.cpp">
      <Filter>Source Files</Filter>
    </ClCompile>
    <ClCompile Include="math\linalg\linalg.cpp">
      <Filter>Source Files</Filter>
    </ClCompile>
    <ClCompile Include="primitives\blochsection\blochsection.cpp">
      <Filter>Source Files</Filter>
    </ClCompile>
    <ClCompile Include="primitives\blochsection\blochsectionmode.cpp">
      <Filter>Source Files</Filter>
    </ClCompile>
    <ClCompile Include="primitives\blochsection\blochsectionoverlap.cpp">
      <Filter>Source Files</Filter>
    </ClCompile>
    <ClCompile Include="primitives\circ\circ.cpp">
      <Filter>Source Files</Filter>
    </ClCompile>
    <ClCompile Include="primitives\circ\circdisp.cpp">
      <Filter>Source Files</Filter>
    </ClCompile>
    <ClCompile Include="primitives\circ\circmode.cpp">
      <Filter>Source Files</Filter>
    </ClCompile>
    <ClCompile Include="primitives\circ\circoverlap.cpp">
      <Filter>Source Files</Filter>
    </ClCompile>
    <ClCompile Include="primitives\circ\circ_M_util.cpp">
      <Filter>Source Files</Filter>
    </ClCompile>
    <ClCompile Include="primitives\planar\planar.cpp">
      <Filter>Source Files</Filter>
    </ClCompile>
    <ClCompile Include="primitives\section\refsection.cpp">
      <Filter>Source Files</Filter>
    </ClCompile>
    <ClCompile Include="primitives\section\section.cpp">
      <Filter>Source Files</Filter>
    </ClCompile>
    <ClCompile Include="primitives\section\sectiondisp.cpp">
      <Filter>Source Files</Filter>
    </ClCompile>
    <ClCompile Include="primitives\section\sectionmode.cpp">
      <Filter>Source Files</Filter>
    </ClCompile>
    <ClCompile Include="primitives\section\sectionoverlap.cpp">
      <Filter>Source Files</Filter>
    </ClCompile>
    <ClCompile Include="primitives\slab\generalslab.cpp">
      <Filter>Source Files</Filter>
    </ClCompile>
    <ClCompile Include="primitives\slab\slabmatrixcache.cpp">
      <Filter>Source Files</Filter>
    </ClCompile>
    <ClCompile Include="primitives\slab\isoslab\slab.cpp">
      <Filter>Source Files</Filter>
    </ClCompile>
    <ClCompile Include="primitives\slab\isoslab\slabdisp.cpp">
      <Filter>Source Files</Filter>
    </ClCompile>
    <ClCompile Include="primitives\slab\isoslab\slabmode.cpp">
      <Filter>Source Files</Filter>
    </ClCompile>
    <ClCompile Include="primitives\slab\isoslab\slaboverlap.cpp">
      <Filter>Source Files</Filter>
    </ClCompile>
    <ClCompile Include="primitives\slab\isoslab\slabwall.cpp">
      <Filter>Source Files</Filter>
    </ClCompile>
    <ClCompile Include="util\cvector.cpp">
      <Filter>Source Files</Filter>
    </ClCompile>
    <ClCompile Include="util\index.cpp">
      <Filter>Source Files</Filter>
    </ClCompile>
    <ClCompile Include="util\tracesorter.cpp">
      <Filter>Source Files</Filter>
    </ClCompile>
    <ClCompile Include="CAMFR.cpp">
      <Filter>Source Files</Filter>
    </ClCompile>
  </ItemGroup>
  <ItemGroup>
    <ClInclude Include="bloch.h">
      <Filter>Header Files</Filter>
    </ClInclude>
    <ClInclude Include="camfr_wrap.h">
      <Filter>Header Files</Filter>
    </ClInclude>
    <ClInclude Include="cavity.h">
      <Filter>Header Files</Filter>
    </ClInclude>
    <ClInclude Include="chunk.h">
      <Filter>Header Files</Filter>
    </ClInclude>
    <ClInclude Include="coord.h">
      <Filter>Header Files</Filter>
    </ClInclude>
    <ClInclude Include="defs.h">
      <Filter>Header Files</Filter>
    </ClInclude>
    <ClInclude Include="expression.h">
      <Filter>Header Files</Filter>
    </ClInclude>
    <ClInclude Include="field.h">
      <Filter>Header Files</Filter>
    </ClInclude>
    <ClInclude Include="icache.h">
      <Filter>Header Files</Filter>
    </ClInclude>
    <ClInclude Include="infstack.h">
      <Filter>Header Files</Filter>
    </ClInclude>
    <ClInclude Include="interface.h">
      <Filter>Header Files</Filter>
    </ClInclude>
    <ClInclude Include="material.h">
      <Filter>Header Files</Filter>
    </ClInclude>
    <ClInclude Include="mode.h">
      <Filter>Header Files</Filter>
    </ClInclude>
    <ClInclude Include="scatterer.h">
      <Filter>Header Files</Filter>
    </ClInclude>
    <ClInclude Include="stack.h">
      <Filter>Header Files</Filter>
    </ClInclude>
    <ClInclude Include="S_scheme.h">
      <Filter>Header Files</Filter>
    </ClInclude>
    <ClInclude Include="S_scheme_fields.h">
      <Filter>Header Files</Filter>
    </ClInclude>
    <ClInclude Include="T_scheme.h">
      <Filter>Header Files</Filter>
    </ClInclude>
    <ClInclude Include="T_scheme_fields.h">
      <Filter>Header Files</Filter>
    </ClInclude>
    <ClInclude Include="waveguide.h">
      <Filter>Header Files</Filter>
    </ClInclude>
    <ClInclude Include="math\bessel\bessel.h">
      <Filter>Header Files</Filter>
    </ClInclude>
    <ClInclude Include="math\calculus\calculus.h">
      <Filter>Header Files</Filter>
    </ClInclude>
    <ClInclude Include="math\calculus\function.h">
      <Filter>Header Files</Filter>
    </ClInclude>
    <ClInclude Include="math\calculus\croot\allroots.h">
      <Filter>Header Files</Filter>
    </ClInclude>
    <ClInclude Include="math\calculus\croot\contour.h">
      <Filter>Header Files</Filter>
    </ClInclude>
    <ClInclude Include="math\calculus\croot\mueller.h">
      <Filter>Header Files</Filter>
    </ClInclude>
    <ClInclude Include="math\calculus\croot\patterson_z_n.h">
      <Filter>Header Files</Filter>
    </ClInclude>
    <ClInclude Include="math\calculus\fourier\fourier.h">
      <Filter>Header Files</Filter>
    </ClInclude>
    <ClInclude Include="math\calculus\minimum\minimum.h">
      <Filter>Header Files</Filter>
    </ClInclude>
    <ClInclude Include="math\calculus\polyroot\polyroot.h">
      <Filter>Header Files</Filter>
    </ClInclude>
    <ClInclude Include="math\calculus\quadrature\patterson.h">
      <Filter>Header Files</Filter>
    </ClInclude>
    <ClInclude Include="math\calculus\quadrature\patterson_quad.h">
      <Filter>Header Files</Filter>
    </ClInclude>
    <ClInclude Include="math\calculus\root\root.h">
      <Filter>Header Files</Filter>
    </ClInclude>
    <ClInclude Include="math\calculus\traceroot\traceroot.h">
      <Filter>Header Files</Filter>
    </ClInclude>
    <ClInclude Include="math\linalg\linalg.h">
      <Filter>Header Files</Filter>
    </ClInclude>
    <ClInclude Include="primitives\blochsection\blochsection.h">
      <Filter>Header Files</Filter>
    </ClInclude>
    <ClInclude Include="primitives\blochsection\blochsectionmode.h">
      <Filter>Header Files</Filter>
    </ClInclude>
    <ClInclude Include="primitives\blochsection\blochsectionoverlap.h">
      <Filter>Header Files</Filter>
    </ClInclude>
    <ClInclude Include="primitives\circ\circ.h">
      <Filter>Header Files</Filter>
    </ClInclude>
    <ClInclude Include="primitives\circ\circdisp.h">
      <Filter>Header Files</Filter>
    </ClInclude>
    <ClInclude Include="primitives\circ\circmode.h">
      <Filter>Header Files</Filter>
    </ClInclude>
    <ClInclude Include="primitives\circ\circoverlap.h">
      <Filter>Header Files</Filter>
    </ClInclude>
    <ClInclude Include="primitives\circ\circ_M_util.h">
      <Filter>Header Files</Filter>
    </ClInclude>
    <ClInclude Include="primitives\planar\planar.h">
      <Filter>Header Files</Filter>
    </ClInclude>
    <ClInclude Include="primitives\section\refsection.h">
      <Filter>Header Files</Filter>
    </ClInclude>
    <ClInclude Include="primitives\section\section.h">
      <Filter>Header Files</Filter>
    </ClInclude>
    <ClInclude Include="primitives\section\sectiondisp.h">
      <Filter>Header Files</Filter>
    </ClInclude>
    <ClInclude Include="primitives\section\sectionmode.h">
      <Filter>Header Files</Filter>
    </ClInclude>
    <ClInclude Include="primitives\section\sectionoverlap.h">
      <Filter>Header Files</Filter>
    </ClInclude>
    <ClInclude Include="primitives\slab\generalslab.h">
      <Filter>Header Files</Filter>
    </ClInclude>
    <ClInclude Include="primitives\slab\slabmatrixcache.h">
      <Filter>Header Files</Filter>
    </ClInclude>
    <ClInclude Include="primitives\slab\isoslab\slab.h">
      <Filter>Header Files</Filter>
    </ClInclude>
    <ClInclude Include="primitives\slab\isoslab\slabdisp.h">
      <Filter>Header Files</Filter>
    </ClInclude>
    <ClInclude Include="primitives\slab\isoslab\slabmode.h">
      <Filter>Header Files</Filter>
    </ClInclude>
    <ClInclude Include="primitives\slab\isoslab\slaboverlap.h">
      <Filter>Header Files</Filter>
    </ClInclude>
    <ClInclude Include="primitives\slab\isoslab\slabwall.h">
      <Filter>Header Files</Filter>
    </ClInclude>
    <ClInclude Include="util\cvector.h">
      <Filter>Header Files</Filter>
    </ClInclude>
    <ClInclude Include="util\index.h">
      <Filter>Header Files</Filter>
    </ClInclude>
    <ClInclude Include="util\storage.h">
      <Filter>Header Files</Filter>
    </ClInclude>
    <ClInclude Include="util\tracesorter.h">
      <Filter>Header Files</Filter>
    </ClInclude>
    <ClInclude Include="util\vectorutil.h">
      <Filter>Header Files</Filter>
    </ClInclude>
  </ItemGroup>
</Project>